
Microsoft Visual Studio Solution File, Format Version 12.00
# Visual Studio Version 17
VisualStudioVersion = 17.8.34525.116
MinimumVisualStudioVersion = 10.0.40219.1
Project("{FAE04EC0-301F-11D3-BF4B-00C04F79EFBC}") = "BilgeCinema.Data", "BilgeCinema.Data\BilgeCinema.Data.csproj", "{DFB956E0-C35F-43A8-8453-E7AD370B21A1}"
EndProject
Project("{FAE04EC0-301F-11D3-BF4B-00C04F79EFBC}") = "BilgeCinema.Business", "BilgeCinema.Business\BilgeCinema.Business.csproj", "{0E1749C7-50C8-407F-B0C1-7D788BA0CC87}"
EndProject
Project("{FAE04EC0-301F-11D3-BF4B-00C04F79EFBC}") = "BilgeCinema.WebApi", "BilgeCinema.WebApi\BilgeCinema.WebApi.csproj", "{43593C76-A022-4C37-835A-14EDFEF667B8}"
EndProject
Global
	GlobalSection(SolutionConfigurationPlatforms) = preSolution
		Debug|Any CPU = Debug|Any CPU
		Release|Any CPU = Release|Any CPU
	EndGlobalSection
	GlobalSection(ProjectConfigurationPlatforms) = postSolution
		{DFB956E0-C35F-43A8-8453-E7AD370B21A1}.Debug|Any CPU.ActiveCfg = Debug|Any CPU
		{DFB956E0-C35F-43A8-8453-E7AD370B21A1}.Debug|Any CPU.Build.0 = Debug|Any CPU
		{DFB956E0-C35F-43A8-8453-E7AD370B21A1}.Release|Any CPU.ActiveCfg = Release|Any CPU
		{DFB956E0-C35F-43A8-8453-E7AD370B21A1}.Release|Any CPU.Build.0 = Release|Any CPU
		{0E1749C7-50C8-407F-B0C1-7D788BA0CC87}.Debug|Any CPU.ActiveCfg = Debug|Any CPU
		{0E1749C7-50C8-407F-B0C1-7D788BA0CC87}.Debug|Any CPU.Build.0 = Debug|Any CPU
		{0E1749C7-50C8-407F-B0C1-7D788BA0CC87}.Release|Any CPU.ActiveCfg = Release|Any CPU
		{0E1749C7-50C8-407F-B0C1-7D788BA0CC87}.Release|Any CPU.Build.0 = Release|Any CPU
		{43593C76-A022-4C37-835A-14EDFEF667B8}.Debug|Any CPU.ActiveCfg = Debug|Any CPU
		{43593C76-A022-4C37-835A-14EDFEF667B8}.Debug|Any CPU.Build.0 = Debug|Any CPU
		{43593C76-A022-4C37-835A-14EDFEF667B8}.Release|Any CPU.ActiveCfg = Release|Any CPU
		{43593C76-A022-4C37-835A-14EDFEF667B8}.Release|Any CPU.Build.0 = Release|Any CPU
	EndGlobalSection
	GlobalSection(SolutionProperties) = preSolution
		HideSolutionNode = FALSE
	EndGlobalSection
	GlobalSection(ExtensibilityGlobals) = postSolution
		SolutionGuid = {9A96CA9D-B0C4-45D8-8C03-90C8746E3541}
	EndGlobalSection
EndGlobal
